
Microsoft Visual Studio Solution File, Format Version 11.00
# Visual Studio 2010
Project("{8BC9CEB8-8B4A-11D0-8D11-00A0C91BC942}") = "PriorityQueue", "PriorityQueue\PriorityQueue.vcxproj", "{C3FA6EF0-2CB7-4C66-B042-5014CCD0BF81}"
EndProject
Global
	GlobalSection(SolutionConfigurationPlatforms) = preSolution
		Debug|Win32 = Debug|Win32
		Release|Win32 = Release|Win32
	EndGlobalSection
	GlobalSection(ProjectConfigurationPlatforms) = postSolution
		{C3FA6EF0-2CB7-4C66-B042-5014CCD0BF81}.Debug|Win32.ActiveCfg = Debug|Win32
		{C3FA6EF0-2CB7-4C66-B042-5014CCD0BF81}.Debug|Win32.Build.0 = Debug|Win32
		{C3FA6EF0-2CB7-4C66-B042-5014CCD0BF81}.Release|Win32.ActiveCfg = Release|Win32
		{C3FA6EF0-2CB7-4C66-B042-5014CCD0BF81}.Release|Win32.Build.0 = Release|Win32
	EndGlobalSection
	GlobalSection(SolutionProperties) = preSolution
		HideSolutionNode = FALSE
	EndGlobalSection
EndGlobal
